
Microsoft Visual Studio Solution File, Format Version 12.00
# Visual Studio 15
VisualStudioVersion = 15.0.28307.1585
MinimumVisualStudioVersion = 10.0.40219.1
Project("{FAE04EC0-301F-11D3-BF4B-00C04F79EFBC}") = "TP03_181828", "TP03_181828\TP03_181828.csproj", "{F9890AA9-5164-41AF-A958-E7F226DA0E24}"
EndProject
Global
	GlobalSection(SolutionConfigurationPlatforms) = preSolution
		Debug|Any CPU = Debug|Any CPU
		Release|Any CPU = Release|Any CPU
	EndGlobalSection
	GlobalSection(ProjectConfigurationPlatforms) = postSolution
		{F9890AA9-5164-41AF-A958-E7F226DA0E24}.Debug|Any CPU.ActiveCfg = Debug|Any CPU
		{F9890AA9-5164-41AF-A958-E7F226DA0E24}.Debug|Any CPU.Build.0 = Debug|Any CPU
		{F9890AA9-5164-41AF-A958-E7F226DA0E24}.Release|Any CPU.ActiveCfg = Release|Any CPU
		{F9890AA9-5164-41AF-A958-E7F226DA0E24}.Release|Any CPU.Build.0 = Release|Any CPU
	EndGlobalSection
	GlobalSection(SolutionProperties) = preSolution
		HideSolutionNode = FALSE
	EndGlobalSection
	GlobalSection(ExtensibilityGlobals) = postSolution
		SolutionGuid = {03D85020-B7B0-4B1D-BB84-7C54E937576E}
	EndGlobalSection
EndGlobal
